
Microsoft Visual Studio Solution File, Format Version 12.00
Project("{FAE04EC0-301F-11D3-BF4B-00C04F79EFBC}") = "MinecraftDotNet", "MinecraftDotNet\MinecraftDotNet.csproj", "{6BA5296F-137C-46F2-8190-48A9C3B10A42}"
EndProject
Project("{FAE04EC0-301F-11D3-BF4B-00C04F79EFBC}") = "MinecraftDotNet.Core", "MinecraftDotNet.Core\MinecraftDotNet.Core.csproj", "{D5B27559-56F7-4AAE-A6EA-B0A5398E1BAB}"
EndProject
Project("{FAE04EC0-301F-11D3-BF4B-00C04F79EFBC}") = "MinecraftDotNet.ClientSide", "MinecraftDotNet.ClientSide\MinecraftDotNet.ClientSide.csproj", "{E29E6D04-331A-4336-8D18-81E5B1959CD1}"
EndProject
Project("{FAE04EC0-301F-11D3-BF4B-00C04F79EFBC}") = "MinecraftDotNet.ServerSide", "MinecraftDotNet.ServerSide\MinecraftDotNet.ServerSide.csproj", "{D19A723C-9D58-435F-9F13-8FD03403A08F}"
EndProject
Project("{2150E333-8FDC-42A3-9474-1A3956D46DE8}") = "base", "base", "{73FEF32E-472B-4EC4-B27F-AD5D492B59B7}"
EndProject
Project("{F2A71F9B-5D33-465A-A702-920D77279786}") = "MinecraftDotNet.Core", "src\base\MinecraftDotNet.Core\MinecraftDotNet.Core.fsproj", "{AFEF86F4-EB3E-4B24-8D1E-D578311B1862}"
EndProject
Global
	GlobalSection(SolutionConfigurationPlatforms) = preSolution
		Debug|Any CPU = Debug|Any CPU
		Release|Any CPU = Release|Any CPU
	EndGlobalSection
	GlobalSection(ProjectConfigurationPlatforms) = postSolution
		{6BA5296F-137C-46F2-8190-48A9C3B10A42}.Debug|Any CPU.ActiveCfg = Debug|Any CPU
		{6BA5296F-137C-46F2-8190-48A9C3B10A42}.Debug|Any CPU.Build.0 = Debug|Any CPU
		{6BA5296F-137C-46F2-8190-48A9C3B10A42}.Release|Any CPU.ActiveCfg = Release|Any CPU
		{6BA5296F-137C-46F2-8190-48A9C3B10A42}.Release|Any CPU.Build.0 = Release|Any CPU
		{D5B27559-56F7-4AAE-A6EA-B0A5398E1BAB}.Debug|Any CPU.ActiveCfg = Debug|Any CPU
		{D5B27559-56F7-4AAE-A6EA-B0A5398E1BAB}.Debug|Any CPU.Build.0 = Debug|Any CPU
		{D5B27559-56F7-4AAE-A6EA-B0A5398E1BAB}.Release|Any CPU.ActiveCfg = Release|Any CPU
		{D5B27559-56F7-4AAE-A6EA-B0A5398E1BAB}.Release|Any CPU.Build.0 = Release|Any CPU
		{E29E6D04-331A-4336-8D18-81E5B1959CD1}.Debug|Any CPU.ActiveCfg = Debug|Any CPU
		{E29E6D04-331A-4336-8D18-81E5B1959CD1}.Debug|Any CPU.Build.0 = Debug|Any CPU
		{E29E6D04-331A-4336-8D18-81E5B1959CD1}.Release|Any CPU.ActiveCfg = Release|Any CPU
		{E29E6D04-331A-4336-8D18-81E5B1959CD1}.Release|Any CPU.Build.0 = Release|Any CPU
		{D19A723C-9D58-435F-9F13-8FD03403A08F}.Debug|Any CPU.ActiveCfg = Debug|Any CPU
		{D19A723C-9D58-435F-9F13-8FD03403A08F}.Debug|Any CPU.Build.0 = Debug|Any CPU
		{D19A723C-9D58-435F-9F13-8FD03403A08F}.Release|Any CPU.ActiveCfg = Release|Any CPU
		{D19A723C-9D58-435F-9F13-8FD03403A08F}.Release|Any CPU.Build.0 = Release|Any CPU
		{AFEF86F4-EB3E-4B24-8D1E-D578311B1862}.Debug|Any CPU.ActiveCfg = Debug|Any CPU
		{AFEF86F4-EB3E-4B24-8D1E-D578311B1862}.Debug|Any CPU.Build.0 = Debug|Any CPU
		{AFEF86F4-EB3E-4B24-8D1E-D578311B1862}.Release|Any CPU.ActiveCfg = Release|Any CPU
		{AFEF86F4-EB3E-4B24-8D1E-D578311B1862}.Release|Any CPU.Build.0 = Release|Any CPU
	EndGlobalSection
	GlobalSection(NestedProjects) = preSolution
		{AFEF86F4-EB3E-4B24-8D1E-D578311B1862} = {73FEF32E-472B-4EC4-B27F-AD5D492B59B7}
	EndGlobalSection
EndGlobal
